
Microsoft Visual Studio Solution File, Format Version 12.00
# Visual Studio Version 17
VisualStudioVersion = 17.1.32210.238
MinimumVisualStudioVersion = 10.0.40219.1
Project("{FAE04EC0-301F-11D3-BF4B-00C04F79EFBC}") = "ErrorBoudaryExample", "ErrorBoudaryExample\ErrorBoudaryExample.csproj", "{DC7C87BB-509A-455A-BF8E-93D7A108A5DE}"
EndProject
Global
	GlobalSection(SolutionConfigurationPlatforms) = preSolution
		Debug|Any CPU = Debug|Any CPU
		Release|Any CPU = Release|Any CPU
	EndGlobalSection
	GlobalSection(ProjectConfigurationPlatforms) = postSolution
		{DC7C87BB-509A-455A-BF8E-93D7A108A5DE}.Debug|Any CPU.ActiveCfg = Debug|Any CPU
		{DC7C87BB-509A-455A-BF8E-93D7A108A5DE}.Debug|Any CPU.Build.0 = Debug|Any CPU
		{DC7C87BB-509A-455A-BF8E-93D7A108A5DE}.Release|Any CPU.ActiveCfg = Release|Any CPU
		{DC7C87BB-509A-455A-BF8E-93D7A108A5DE}.Release|Any CPU.Build.0 = Release|Any CPU
	EndGlobalSection
	GlobalSection(SolutionProperties) = preSolution
		HideSolutionNode = FALSE
	EndGlobalSection
	GlobalSection(ExtensibilityGlobals) = postSolution
		SolutionGuid = {BC06FF3E-BA7B-4FA5-8406-1AA502E5A740}
	EndGlobalSection
EndGlobal
